
Microsoft Visual Studio Solution File, Format Version 12.00
# Visual Studio Version 17
VisualStudioVersion = 17.13.35825.156 d17.13
MinimumVisualStudioVersion = 10.0.40219.1
Project("{F184B08F-C81C-45F6-A57F-5ABD9991F28F}") = "Billing Management System", "Billing Management System\Billing Management System.vbproj", "{F50410B3-06EF-46D6-9635-655A676AE1E5}"
EndProject
Global
	GlobalSection(SolutionConfigurationPlatforms) = preSolution
		Debug|Any CPU = Debug|Any CPU
		Release|Any CPU = Release|Any CPU
	EndGlobalSection
	GlobalSection(ProjectConfigurationPlatforms) = postSolution
		{F50410B3-06EF-46D6-9635-655A676AE1E5}.Debug|Any CPU.ActiveCfg = Debug|Any CPU
		{F50410B3-06EF-46D6-9635-655A676AE1E5}.Debug|Any CPU.Build.0 = Debug|Any CPU
		{F50410B3-06EF-46D6-9635-655A676AE1E5}.Release|Any CPU.ActiveCfg = Release|Any CPU
		{F50410B3-06EF-46D6-9635-655A676AE1E5}.Release|Any CPU.Build.0 = Release|Any CPU
	EndGlobalSection
	GlobalSection(SolutionProperties) = preSolution
		HideSolutionNode = FALSE
	EndGlobalSection
	GlobalSection(ExtensibilityGlobals) = postSolution
		SolutionGuid = {7059E967-F518-4D2E-B375-697EFAED6320}
	EndGlobalSection
EndGlobal
