
Microsoft Visual Studio Solution File, Format Version 12.00
# Visual Studio Version 17
VisualStudioVersion = 17.13.35806.99 d17.13
MinimumVisualStudioVersion = 10.0.40219.1
Project("{F184B08F-C81C-45F6-A57F-5ABD9991F28F}") = "Antipolo Bus Terminal", "Antipolo Bus Terminal\Antipolo Bus Terminal.vbproj", "{08D9CEA4-6211-45CC-81B2-603D0C0BB853}"
EndProject
Global
	GlobalSection(SolutionConfigurationPlatforms) = preSolution
		Debug|Any CPU = Debug|Any CPU
		Release|Any CPU = Release|Any CPU
	EndGlobalSection
	GlobalSection(ProjectConfigurationPlatforms) = postSolution
		{08D9CEA4-6211-45CC-81B2-603D0C0BB853}.Debug|Any CPU.ActiveCfg = Debug|Any CPU
		{08D9CEA4-6211-45CC-81B2-603D0C0BB853}.Debug|Any CPU.Build.0 = Debug|Any CPU
		{08D9CEA4-6211-45CC-81B2-603D0C0BB853}.Release|Any CPU.ActiveCfg = Release|Any CPU
		{08D9CEA4-6211-45CC-81B2-603D0C0BB853}.Release|Any CPU.Build.0 = Release|Any CPU
	EndGlobalSection
	GlobalSection(SolutionProperties) = preSolution
		HideSolutionNode = FALSE
	EndGlobalSection
	GlobalSection(ExtensibilityGlobals) = postSolution
		SolutionGuid = {0F71C937-62D4-44F1-B712-7F7945A52674}
	EndGlobalSection
EndGlobal
